{
  "version": 4,
  "terraform_version": "1.1.9",
  "serial": 26,
  "lineage": "9813ce83-90c0-31ec-28a4-7d7d655e94d5",
  "outputs": {},
  "resources": [
    {
      "mode": "managed",
      "type": "google_compute_firewall",
      "name": "allow_ssh",
      "provider": "provider[\"registry.terraform.io/hashicorp/google\"]",
      "instances": [
        {
          "schema_version": 1,
          "attributes": {
            "allow": [
              {
                "ports": [
                  "22"
                ],
                "protocol": "tcp"
              }
            ],
            "creation_timestamp": "2022-05-06T14:41:25.574-07:00",
            "deny": [],
            "description": "Creates firewall rule targeting tagged instances",
            "destination_ranges": [],
            "direction": "INGRESS",
            "disabled": false,
            "enable_logging": null,
            "id": "projects/iti-42-ahmed/global/firewalls/allow-ssh",
            "log_config": [],
            "name": "allow-ssh",
            "network": "https://www.googleapis.com/compute/v1/projects/iti-42-ahmed/global/networks/vpc-network",
            "priority": 1000,
            "project": "iti-42-ahmed",
            "self_link": "https://www.googleapis.com/compute/v1/projects/iti-42-ahmed/global/firewalls/allow-ssh",
            "source_ranges": [
              "35.235.240.0/20"
            ],
            "source_service_accounts": [],
            "source_tags": [],
            "target_service_accounts": [],
            "target_tags": [],
            "timeouts": null
          },
          "sensitive_attributes": [],
          "private": "eyJlMmJmYjczMC1lY2FhLTExZTYtOGY4OC0zNDM2M2JjN2M0YzAiOnsiY3JlYXRlIjoxMjAwMDAwMDAwMDAwLCJkZWxldGUiOjEyMDAwMDAwMDAwMDAsInVwZGF0ZSI6MTIwMDAwMDAwMDAwMH0sInNjaGVtYV92ZXJzaW9uIjoiMSJ9",
          "dependencies": [
            "module.network.google_compute_network.vpc_network",
            "module.network.google_compute_router.router",
            "module.network.google_compute_router_nat.nat-gateway",
            "module.network.google_compute_subnetwork.subnet-1",
            "module.network.google_compute_subnetwork.subnet-2"
          ]
        }
      ]
    },
    {
      "mode": "managed",
      "type": "google_compute_instance",
      "name": "management-vm",
      "provider": "provider[\"registry.terraform.io/hashicorp/google\"]",
      "instances": [
        {
          "schema_version": 6,
          "attributes": {
            "advanced_machine_features": [],
            "allow_stopping_for_update": true,
            "attached_disk": [],
            "boot_disk": [
              {
                "auto_delete": true,
                "device_name": "persistent-disk-0",
                "disk_encryption_key_raw": "",
                "disk_encryption_key_sha256": "",
                "initialize_params": [
                  {
                    "image": "https://www.googleapis.com/compute/v1/projects/ubuntu-os-cloud/global/images/ubuntu-2204-jammy-v20220506",
                    "labels": {},
                    "size": 10,
                    "type": "pd-standard"
                  }
                ],
                "kms_key_self_link": "",
                "mode": "READ_WRITE",
                "source": "https://www.googleapis.com/compute/v1/projects/iti-42-ahmed/zones/europe-west1-b/disks/management-vm"
              }
            ],
            "can_ip_forward": false,
            "confidential_instance_config": [],
            "cpu_platform": "Intel Broadwell",
            "current_status": "RUNNING",
            "deletion_protection": false,
            "description": "",
            "desired_status": null,
            "enable_display": false,
            "guest_accelerator": [],
            "hostname": "",
            "id": "projects/iti-42-ahmed/zones/europe-west1-b/instances/management-vm",
            "instance_id": "5932107037383599962",
            "label_fingerprint": "42WmSpB8rSM=",
            "labels": {},
            "machine_type": "e2-micro",
            "metadata": {},
            "metadata_fingerprint": "WPnEj7WdhPI=",
            "metadata_startup_script": null,
            "min_cpu_platform": "",
            "name": "management-vm",
            "network_interface": [
              {
                "access_config": [],
                "alias_ip_range": [],
                "ipv6_access_config": [],
                "ipv6_access_type": "",
                "name": "nic0",
                "network": "https://www.googleapis.com/compute/v1/projects/iti-42-ahmed/global/networks/vpc-network",
                "network_ip": "10.0.2.2",
                "nic_type": "",
                "queue_count": 0,
                "stack_type": "IPV4_ONLY",
                "subnetwork": "https://www.googleapis.com/compute/v1/projects/iti-42-ahmed/regions/europe-west1/subnetworks/management-subnet",
                "subnetwork_project": "iti-42-ahmed"
              }
            ],
            "project": "iti-42-ahmed",
            "reservation_affinity": [],
            "resource_policies": [],
            "scheduling": [
              {
                "automatic_restart": true,
                "min_node_cpus": 0,
                "node_affinities": [],
                "on_host_maintenance": "MIGRATE",
                "preemptible": false,
                "provisioning_model": "STANDARD"
              }
            ],
            "scratch_disk": [],
            "self_link": "https://www.googleapis.com/compute/v1/projects/iti-42-ahmed/zones/europe-west1-b/instances/management-vm",
            "service_account": [
              {
                "email": "gcp-terraform-serviceaccount@iti-42-ahmed.iam.gserviceaccount.com",
                "scopes": [
                  "https://www.googleapis.com/auth/cloud-platform"
                ]
              }
            ],
            "shielded_instance_config": [
              {
                "enable_integrity_monitoring": true,
                "enable_secure_boot": false,
                "enable_vtpm": true
              }
            ],
            "tags": [],
            "tags_fingerprint": "42WmSpB8rSM=",
            "timeouts": null,
            "zone": "europe-west1-b"
          },
          "sensitive_attributes": [],
          "private": "eyJlMmJmYjczMC1lY2FhLTExZTYtOGY4OC0zNDM2M2JjN2M0YzAiOnsiY3JlYXRlIjoxMjAwMDAwMDAwMDAwLCJkZWxldGUiOjEyMDAwMDAwMDAwMDAsInVwZGF0ZSI6MTIwMDAwMDAwMDAwMH0sInNjaGVtYV92ZXJzaW9uIjoiNiJ9",
          "dependencies": [
            "google_compute_firewall.allow_ssh",
            "google_service_account.ServiceAccounnt",
            "module.network.google_compute_network.vpc_network",
            "module.network.google_compute_router.router",
            "module.network.google_compute_router_nat.nat-gateway",
            "module.network.google_compute_subnetwork.subnet-1",
            "module.network.google_compute_subnetwork.subnet-2"
          ]
        }
      ]
    },
    {
      "mode": "managed",
      "type": "google_container_cluster",
      "name": "app_cluster",
      "provider": "provider[\"registry.terraform.io/hashicorp/google\"]",
      "instances": [
        {
          "schema_version": 1,
          "attributes": {
            "addons_config": [
              {
                "cloudrun_config": [],
                "gcp_filestore_csi_driver_config": [],
                "horizontal_pod_autoscaling": [],
                "http_load_balancing": [],
                "network_policy_config": [
                  {
                    "disabled": true
                  }
                ]
              }
            ],
            "authenticator_groups_config": [],
            "cluster_autoscaling": [
              {
                "auto_provisioning_defaults": [],
                "enabled": false,
                "resource_limits": []
              }
            ],
            "cluster_ipv4_cidr": "10.168.0.0/14",
            "confidential_nodes": [],
            "database_encryption": [
              {
                "key_name": "",
                "state": "DECRYPTED"
              }
            ],
            "datapath_provider": "",
            "default_max_pods_per_node": 110,
            "default_snat_status": [
              {
                "disabled": false
              }
            ],
            "description": "",
            "dns_config": [],
            "enable_autopilot": false,
            "enable_binary_authorization": false,
            "enable_intranode_visibility": false,
            "enable_kubernetes_alpha": false,
            "enable_legacy_abac": false,
            "enable_shielded_nodes": true,
            "enable_tpu": false,
            "endpoint": "192.168.1.2",
            "id": "projects/iti-42-ahmed/locations/europe-west1-b/clusters/app-cluster",
            "initial_node_count": 1,
            "ip_allocation_policy": [
              {
                "cluster_ipv4_cidr_block": "10.168.0.0/14",
                "cluster_secondary_range_name": "gke-app-cluster-pods-1d5fce55",
                "services_ipv4_cidr_block": "10.172.0.0/20",
                "services_secondary_range_name": "gke-app-cluster-services-1d5fce55"
              }
            ],
            "label_fingerprint": "a9dc16a7",
            "location": "europe-west1-b",
            "logging_config": [
              {
                "enable_components": [
                  "SYSTEM_COMPONENTS",
                  "WORKLOADS"
                ]
              }
            ],
            "logging_service": "logging.googleapis.com/kubernetes",
            "maintenance_policy": [],
            "master_auth": [
              {
                "client_certificate": "",
                "client_certificate_config": [
                  {
                    "issue_client_certificate": false
                  }
                ],
                "client_key": "",
                "cluster_ca_certificate": "LS0tLS1CRUdJTiBDRVJUSUZJQ0FURS0tLS0tCk1JSUVMVENDQXBXZ0F3SUJBZ0lSQUpHT3B2bEZ0MGJNa05Hb1IzTWUwMGd3RFFZSktvWklodmNOQVFFTEJRQXcKTHpFdE1Dc0dBMVVFQXhNa1pUSXhOekkwTkRndE1XVmxaaTAwWVRFNExUa3dZVFV0WVRRNU9XSmhOMkV5TkRGbQpNQ0FYRFRJeU1EVXdOakl4TURNek4xb1lEekl3TlRJd05ESTRNakl3TXpNM1dqQXZNUzB3S3dZRFZRUURFeVJsCk1qRTNNalEwT0MweFpXVm1MVFJoTVRndE9UQmhOUzFoTkRrNVltRTNZVEkwTVdZd2dnR2lNQTBHQ1NxR1NJYjMKRFFFQkFRVUFBNElCandBd2dnR0tBb0lCZ1FEQ015eS9EcFprYVY3clVPUmlidFNpUWRnWFF0OVRNNnhuVUhmWQpKak5obDhUL1JCRnVRcmFrZTVkKzU5cWxoUHc5YWVuK0pCRFBLeFh6S2d1bm5GL1lCc240V1JIZTVQR0hoNk85Ci9haHpmOW9laituMDFjbHRveXMwb3VFV0pVWHlBdVNTajFhNThoWVhaV0VRUDA5T1dKWFR5Y0V4b0Z1VXFtejMKWHlHKzRYWG5OdFR0dzVhaXBsK3RGckJQTTlaTlpkbS9YUlRwZU9zZ2ZINHRIRWlkNzgvK2lRN1ZrRU5vVVBlZgpMQ042S0tMTzZ4bSs3V0Y5QktmV1BzSVFQTm9aVjJHSDd5Z3k2REJtSWEzQytydXJlYytTbEYzakJpcHREMzFxCm9FQlFsYStTREVjOXNCQ2xqbGJEZ3I2WXVYWEM2WVZ0SUhqRWJHN25ZV1F1Q3JCNkdGZ0RwYklvc1NXUG5relQKVWI4dEJxTVJSWEJxeVZZb3gvbC9uN0hkRWJhODA4bjlDZnEvZGtLRjRnRm5Edm9OZ0xtNnkraGNJZ1JVSmU1bwp5bzJyUHFoNGNhT0tWN2IyOUVRQTBhYW5xNVBiM3dYMWFweTFrQVg0RlZKWUMzTENJUWl2cHc3cDM4eVFqVTVGCmpLYTRtU2FYT240KzVkTTZIbXlFdVV3TnJxOENBd0VBQWFOQ01FQXdEZ1lEVlIwUEFRSC9CQVFEQWdJRU1BOEcKQTFVZEV3RUIvd1FGTUFNQkFmOHdIUVlEVlIwT0JCWUVGRXdxUmhKM2lDVTNSdGZid1dRWEZDZUlPRlBNTUEwRwpDU3FHU0liM0RRRUJDd1VBQTRJQmdRQ29QWGJoTFJ5Ui9OSXFvNkNUdkM4bWV0RVhoWlpVcFNIT2Q4WndGL3RxCkI3NE5zZ1RxVWdHaVZjeG1kY1JuMi9nZ3NzUW1zTDJWVGY2TGtBTTVaNW4vNFcxNDlXckg5aGUyakl3OHpWb3EKQmpUTEFRM0grNWdaTmlWUm9CNXhIcEFNN1RRajFHMDNSMEpMTzFxaC9MRytaNUZBU3RlTU0ya1Y1bDQ3TncyeApJNFQ2QzVDM3k0MzJSdmQzK3FtZjZGUFNJaGNWZHBGME5WbHMwa0JoWXhMay91OUovaENPUXpXNjRWNnNUb3IzCm1XbTlVZXllaEJ4VUR0bnFuaTUrVU80MDlSNmhDbXhDQW1UaG5xUWJmMkFBcTZCenB4SGEveXAxWW1La1lOMnoKZVlBdTBZWGtsQ09jMXdCMEVxYVhNeERJV1VKVVVxQm1uYVdvQ09zUFMvSUorNmpRZ1V6M1YyT25WZ0RTWTV0WAppSjAzUWhnWkxwZWo0eGMwS2pQb2ozV01TU3NtcGJBajlhWHZFV2FVZVFxeEwrTmcwUi9VYXV4ZFZFWDdrNnRrCnc5a0lqRFJBU3ZuZUcvNTl6WEZZaVRuWDJzZjVkTnZUMUZqRGVBaFpTejEzQ1V2QTFTVzRMaVdjczRhV0xUc0UKWUtkVXRrWHB5cGxPWDNPQnNYZEQyVW89Ci0tLS0tRU5EIENFUlRJRklDQVRFLS0tLS0K"
              }
            ],
            "master_authorized_networks_config": [
              {
                "cidr_blocks": [
                  {
                    "cidr_block": "10.0.2.0/24",
                    "display_name": "Management CIDR"
                  }
                ]
              }
            ],
            "master_version": "1.21.10-gke.2000",
            "min_master_version": null,
            "monitoring_config": [
              {
                "enable_components": [
                  "SYSTEM_COMPONENTS"
                ]
              }
            ],
            "monitoring_service": "monitoring.googleapis.com/kubernetes",
            "name": "app-cluster",
            "network": "projects/iti-42-ahmed/global/networks/vpc-network",
            "network_policy": [
              {
                "enabled": false,
                "provider": "PROVIDER_UNSPECIFIED"
              }
            ],
            "networking_mode": "VPC_NATIVE",
            "node_config": [],
            "node_locations": [],
            "node_pool": [],
            "node_version": "1.21.10-gke.2000",
            "operation": null,
            "private_cluster_config": [
              {
                "enable_private_endpoint": true,
                "enable_private_nodes": true,
                "master_global_access_config": [
                  {
                    "enabled": false
                  }
                ],
                "master_ipv4_cidr_block": "192.168.1.0/28",
                "peering_name": "gke-nd4420f6a481c8dbaae7-bc7c-63a2-peer",
                "private_endpoint": "192.168.1.2",
                "public_endpoint": "34.78.155.57"
              }
            ],
            "private_ipv6_google_access": "",
            "project": "iti-42-ahmed",
            "release_channel": [
              {
                "channel": "REGULAR"
              }
            ],
            "remove_default_node_pool": true,
            "resource_labels": null,
            "resource_usage_export_config": [],
            "self_link": "https://container.googleapis.com/v1/projects/iti-42-ahmed/zones/europe-west1-b/clusters/app-cluster",
            "services_ipv4_cidr": "10.172.0.0/20",
            "subnetwork": "projects/iti-42-ahmed/regions/europe-west1/subnetworks/restricted-subnet",
            "timeouts": null,
            "tpu_ipv4_cidr_block": "",
            "vertical_pod_autoscaling": [],
            "workload_identity_config": []
          },
          "sensitive_attributes": [],
          "private": "eyJlMmJmYjczMC1lY2FhLTExZTYtOGY4OC0zNDM2M2JjN2M0YzAiOnsiY3JlYXRlIjoyNDAwMDAwMDAwMDAwLCJkZWxldGUiOjI0MDAwMDAwMDAwMDAsInJlYWQiOjI0MDAwMDAwMDAwMDAsInVwZGF0ZSI6MzYwMDAwMDAwMDAwMH0sInNjaGVtYV92ZXJzaW9uIjoiMSJ9",
          "dependencies": [
            "module.network.google_compute_network.vpc_network",
            "module.network.google_compute_router.router",
            "module.network.google_compute_router_nat.nat-gateway",
            "module.network.google_compute_subnetwork.subnet-1",
            "module.network.google_compute_subnetwork.subnet-2"
          ]
        }
      ]
    },
    {
      "mode": "managed",
      "type": "google_container_node_pool",
      "name": "app_cluster_linux_node_pool",
      "provider": "provider[\"registry.terraform.io/hashicorp/google\"]",
      "instances": [
        {
          "schema_version": 1,
          "attributes": {
            "autoscaling": [],
            "cluster": "app-cluster",
            "id": "projects/iti-42-ahmed/locations/europe-west1-b/clusters/app-cluster/nodePools/app-cluster-linux-node-pool",
            "initial_node_count": 3,
            "instance_group_urls": [
              "https://www.googleapis.com/compute/v1/projects/iti-42-ahmed/zones/europe-west1-b/instanceGroupManagers/gke-app-cluster-app-cluster-linux-nod-761d7d2e-grp"
            ],
            "location": "europe-west1-b",
            "managed_instance_group_urls": [
              "https://www.googleapis.com/compute/v1/projects/iti-42-ahmed/zones/europe-west1-b/instanceGroups/gke-app-cluster-app-cluster-linux-nod-761d7d2e-grp"
            ],
            "management": [
              {
                "auto_repair": true,
                "auto_upgrade": true
              }
            ],
            "max_pods_per_node": 110,
            "name": "app-cluster-linux-node-pool",
            "name_prefix": "",
            "node_config": [
              {
                "boot_disk_kms_key": "",
                "disk_size_gb": 32,
                "disk_type": "pd-standard",
                "gcfs_config": [],
                "guest_accelerator": [],
                "gvnic": [],
                "image_type": "COS_CONTAINERD",
                "labels": {
                  "cluster": "app-cluster"
                },
                "local_ssd_count": 0,
                "machine_type": "e2-small",
                "metadata": {
                  "disable-legacy-endpoints": "true"
                },
                "min_cpu_platform": "",
                "node_group": "",
                "oauth_scopes": [
                  "https://www.googleapis.com/auth/devstorage.read_only",
                  "https://www.googleapis.com/auth/logging.write",
                  "https://www.googleapis.com/auth/monitoring"
                ],
                "preemptible": false,
                "service_account": "gcp-terraform-serviceaccount@iti-42-ahmed.iam.gserviceaccount.com",
                "shielded_instance_config": [
                  {
                    "enable_integrity_monitoring": true,
                    "enable_secure_boot": false
                  }
                ],
                "tags": null,
                "taint": [],
                "workload_metadata_config": []
              }
            ],
            "node_count": 3,
            "node_locations": [
              "europe-west1-b"
            ],
            "operation": null,
            "project": "iti-42-ahmed",
            "timeouts": null,
            "upgrade_settings": [
              {
                "max_surge": 1,
                "max_unavailable": 0
              }
            ],
            "version": "1.21.10-gke.2000"
          },
          "sensitive_attributes": [],
          "private": "eyJlMmJmYjczMC1lY2FhLTExZTYtOGY4OC0zNDM2M2JjN2M0YzAiOnsiY3JlYXRlIjoxODAwMDAwMDAwMDAwLCJkZWxldGUiOjE4MDAwMDAwMDAwMDAsInVwZGF0ZSI6MTgwMDAwMDAwMDAwMH0sInNjaGVtYV92ZXJzaW9uIjoiMSJ9",
          "dependencies": [
            "google_container_cluster.app_cluster",
            "google_service_account.ServiceAccounnt",
            "module.network.google_compute_network.vpc_network",
            "module.network.google_compute_router.router",
            "module.network.google_compute_router_nat.nat-gateway",
            "module.network.google_compute_subnetwork.subnet-1",
            "module.network.google_compute_subnetwork.subnet-2"
          ]
        }
      ]
    },
    {
      "mode": "managed",
      "type": "google_project_iam_member",
      "name": "ServiceAccounnt-binding",
      "provider": "provider[\"registry.terraform.io/hashicorp/google\"]",
      "instances": [
        {
          "schema_version": 0,
          "attributes": {
            "condition": [],
            "etag": "BwXeXuiWEEw=",
            "id": "iti-42-ahmed/roles/editor/serviceAccount:gcp-terraform-serviceaccount@iti-42-ahmed.iam.gserviceaccount.com",
            "member": "serviceAccount:gcp-terraform-serviceaccount@iti-42-ahmed.iam.gserviceaccount.com",
            "project": "iti-42-ahmed",
            "role": "roles/editor"
          },
          "sensitive_attributes": [],
          "private": "bnVsbA==",
          "dependencies": [
            "google_service_account.ServiceAccounnt"
          ]
        }
      ]
    },
    {
      "mode": "managed",
      "type": "google_service_account",
      "name": "ServiceAccounnt",
      "provider": "provider[\"registry.terraform.io/hashicorp/google\"]",
      "instances": [
        {
          "schema_version": 0,
          "attributes": {
            "account_id": "gcp-terraform-serviceaccount",
            "description": "",
            "disabled": false,
            "display_name": "Service Account",
            "email": "gcp-terraform-serviceaccount@iti-42-ahmed.iam.gserviceaccount.com",
            "id": "projects/iti-42-ahmed/serviceAccounts/gcp-terraform-serviceaccount@iti-42-ahmed.iam.gserviceaccount.com",
            "name": "projects/iti-42-ahmed/serviceAccounts/gcp-terraform-serviceaccount@iti-42-ahmed.iam.gserviceaccount.com",
            "project": "iti-42-ahmed",
            "timeouts": null,
            "unique_id": "114355149099678383331"
          },
          "sensitive_attributes": [],
          "private": "eyJlMmJmYjczMC1lY2FhLTExZTYtOGY4OC0zNDM2M2JjN2M0YzAiOnsiY3JlYXRlIjozMDAwMDAwMDAwMDB9fQ=="
        }
      ]
    },
    {
      "module": "module.network",
      "mode": "managed",
      "type": "google_compute_network",
      "name": "vpc_network",
      "provider": "provider[\"registry.terraform.io/hashicorp/google\"]",
      "instances": [
        {
          "schema_version": 0,
          "attributes": {
            "auto_create_subnetworks": false,
            "delete_default_routes_on_create": false,
            "description": "",
            "gateway_ipv4": "",
            "id": "projects/iti-42-ahmed/global/networks/vpc-network",
            "mtu": 1460,
            "name": "vpc-network",
            "project": "iti-42-ahmed",
            "routing_mode": "REGIONAL",
            "self_link": "https://www.googleapis.com/compute/v1/projects/iti-42-ahmed/global/networks/vpc-network",
            "timeouts": null
          },
          "sensitive_attributes": [],
          "private": "eyJlMmJmYjczMC1lY2FhLTExZTYtOGY4OC0zNDM2M2JjN2M0YzAiOnsiY3JlYXRlIjoxMjAwMDAwMDAwMDAwLCJkZWxldGUiOjEyMDAwMDAwMDAwMDAsInVwZGF0ZSI6MTIwMDAwMDAwMDAwMH19"
        }
      ]
    },
    {
      "module": "module.network",
      "mode": "managed",
      "type": "google_compute_router",
      "name": "router",
      "provider": "provider[\"registry.terraform.io/hashicorp/google\"]",
      "instances": [
        {
          "schema_version": 0,
          "attributes": {
            "bgp": [],
            "creation_timestamp": "2022-05-06T13:15:18.424-07:00",
            "description": "",
            "encrypted_interconnect_router": false,
            "id": "projects/iti-42-ahmed/regions/europe-west1/routers/my-router",
            "name": "my-router",
            "network": "https://www.googleapis.com/compute/v1/projects/iti-42-ahmed/global/networks/vpc-network",
            "project": "iti-42-ahmed",
            "region": "europe-west1",
            "self_link": "https://www.googleapis.com/compute/v1/projects/iti-42-ahmed/regions/europe-west1/routers/my-router",
            "timeouts": null
          },
          "sensitive_attributes": [],
          "private": "eyJlMmJmYjczMC1lY2FhLTExZTYtOGY4OC0zNDM2M2JjN2M0YzAiOnsiY3JlYXRlIjoxMjAwMDAwMDAwMDAwLCJkZWxldGUiOjEyMDAwMDAwMDAwMDAsInVwZGF0ZSI6MTIwMDAwMDAwMDAwMH19",
          "dependencies": [
            "module.network.google_compute_network.vpc_network",
            "module.network.google_compute_subnetwork.subnet-2"
          ]
        }
      ]
    },
    {
      "module": "module.network",
      "mode": "managed",
      "type": "google_compute_router_nat",
      "name": "nat-gateway",
      "provider": "provider[\"registry.terraform.io/hashicorp/google\"]",
      "instances": [
        {
          "schema_version": 0,
          "attributes": {
            "drain_nat_ips": [],
            "enable_endpoint_independent_mapping": true,
            "icmp_idle_timeout_sec": 30,
            "id": "iti-42-ahmed/europe-west1/my-router/my-router-nat",
            "log_config": [],
            "min_ports_per_vm": 0,
            "name": "my-router-nat",
            "nat_ip_allocate_option": "AUTO_ONLY",
            "nat_ips": [],
            "project": "iti-42-ahmed",
            "region": "europe-west1",
            "router": "my-router",
            "source_subnetwork_ip_ranges_to_nat": "LIST_OF_SUBNETWORKS",
            "subnetwork": [
              {
                "name": "https://www.googleapis.com/compute/v1/projects/iti-42-ahmed/regions/europe-west1/subnetworks/management-subnet",
                "secondary_ip_range_names": [],
                "source_ip_ranges_to_nat": [
                  "ALL_IP_RANGES"
                ]
              }
            ],
            "tcp_established_idle_timeout_sec": 1200,
            "tcp_transitory_idle_timeout_sec": 30,
            "timeouts": null,
            "udp_idle_timeout_sec": 30
          },
          "sensitive_attributes": [],
          "private": "eyJlMmJmYjczMC1lY2FhLTExZTYtOGY4OC0zNDM2M2JjN2M0YzAiOnsiY3JlYXRlIjoxMjAwMDAwMDAwMDAwLCJkZWxldGUiOjEyMDAwMDAwMDAwMDAsInVwZGF0ZSI6MTIwMDAwMDAwMDAwMH19",
          "dependencies": [
            "module.network.google_compute_network.vpc_network",
            "module.network.google_compute_router.router",
            "module.network.google_compute_subnetwork.subnet-2"
          ]
        }
      ]
    },
    {
      "module": "module.network",
      "mode": "managed",
      "type": "google_compute_subnetwork",
      "name": "subnet-1",
      "provider": "provider[\"registry.terraform.io/hashicorp/google\"]",
      "instances": [
        {
          "schema_version": 0,
          "attributes": {
            "creation_timestamp": "2022-05-06T13:14:56.283-07:00",
            "description": "",
            "external_ipv6_prefix": "",
            "fingerprint": null,
            "gateway_address": "10.0.1.1",
            "id": "projects/iti-42-ahmed/regions/europe-west1/subnetworks/restricted-subnet",
            "ip_cidr_range": "10.0.1.0/24",
            "ipv6_access_type": "",
            "ipv6_cidr_range": "",
            "log_config": [],
            "name": "restricted-subnet",
            "network": "https://www.googleapis.com/compute/v1/projects/iti-42-ahmed/global/networks/vpc-network",
            "private_ip_google_access": true,
            "private_ipv6_google_access": "DISABLE_GOOGLE_ACCESS",
            "project": "iti-42-ahmed",
            "purpose": "PRIVATE",
            "region": "europe-west1",
            "role": "",
            "secondary_ip_range": [],
            "self_link": "https://www.googleapis.com/compute/v1/projects/iti-42-ahmed/regions/europe-west1/subnetworks/restricted-subnet",
            "stack_type": "IPV4_ONLY",
            "timeouts": null
          },
          "sensitive_attributes": [],
          "private": "eyJlMmJmYjczMC1lY2FhLTExZTYtOGY4OC0zNDM2M2JjN2M0YzAiOnsiY3JlYXRlIjoxMjAwMDAwMDAwMDAwLCJkZWxldGUiOjEyMDAwMDAwMDAwMDAsInVwZGF0ZSI6MTIwMDAwMDAwMDAwMH19",
          "dependencies": [
            "module.network.google_compute_network.vpc_network"
          ]
        }
      ]
    },
    {
      "module": "module.network",
      "mode": "managed",
      "type": "google_compute_subnetwork",
      "name": "subnet-2",
      "provider": "provider[\"registry.terraform.io/hashicorp/google\"]",
      "instances": [
        {
          "schema_version": 0,
          "attributes": {
            "creation_timestamp": "2022-05-06T13:14:55.990-07:00",
            "description": "",
            "external_ipv6_prefix": "",
            "fingerprint": null,
            "gateway_address": "10.0.2.1",
            "id": "projects/iti-42-ahmed/regions/europe-west1/subnetworks/management-subnet",
            "ip_cidr_range": "10.0.2.0/24",
            "ipv6_access_type": "",
            "ipv6_cidr_range": "",
            "log_config": [],
            "name": "management-subnet",
            "network": "https://www.googleapis.com/compute/v1/projects/iti-42-ahmed/global/networks/vpc-network",
            "private_ip_google_access": true,
            "private_ipv6_google_access": "DISABLE_GOOGLE_ACCESS",
            "project": "iti-42-ahmed",
            "purpose": "PRIVATE",
            "region": "europe-west1",
            "role": "",
            "secondary_ip_range": [],
            "self_link": "https://www.googleapis.com/compute/v1/projects/iti-42-ahmed/regions/europe-west1/subnetworks/management-subnet",
            "stack_type": "IPV4_ONLY",
            "timeouts": null
          },
          "sensitive_attributes": [],
          "private": "eyJlMmJmYjczMC1lY2FhLTExZTYtOGY4OC0zNDM2M2JjN2M0YzAiOnsiY3JlYXRlIjoxMjAwMDAwMDAwMDAwLCJkZWxldGUiOjEyMDAwMDAwMDAwMDAsInVwZGF0ZSI6MTIwMDAwMDAwMDAwMH19",
          "dependencies": [
            "module.network.google_compute_network.vpc_network"
          ]
        }
      ]
    }
  ]
}
